
Microsoft Visual Studio Solution File, Format Version 12.00
# Visual Studio 15
VisualStudioVersion = 15.0.28307.168
MinimumVisualStudioVersion = 10.0.40219.1
Project("{FAE04EC0-301F-11D3-BF4B-00C04F79EFBC}") = "PropertySetter", "PropertySetter\PropertySetter.csproj", "{9DEFA416-A68D-4225-BACD-9C52A954BEAB}"
EndProject
Project("{FAE04EC0-301F-11D3-BF4B-00C04F79EFBC}") = "PropertySetter.UnitTests", "PropertySetter.UnitTests\PropertySetter.UnitTests.csproj", "{6284BF77-A286-4CFC-AE97-A6418AB17ED5}"
EndProject
Project("{2150E333-8FDC-42A3-9474-1A3956D46DE8}") = "Solution Items", "Solution Items", "{FB982ECE-3F35-4569-B3A1-7F598B641728}"
	ProjectSection(SolutionItems) = preProject
		LICENSE = LICENSE
		README.md = README.md
	EndProjectSection
EndProject
Global
	GlobalSection(SolutionConfigurationPlatforms) = preSolution
		Debug|Any CPU = Debug|Any CPU
		Release|Any CPU = Release|Any CPU
	EndGlobalSection
	GlobalSection(ProjectConfigurationPlatforms) = postSolution
		{9DEFA416-A68D-4225-BACD-9C52A954BEAB}.Debug|Any CPU.ActiveCfg = Debug|Any CPU
		{9DEFA416-A68D-4225-BACD-9C52A954BEAB}.Debug|Any CPU.Build.0 = Debug|Any CPU
		{9DEFA416-A68D-4225-BACD-9C52A954BEAB}.Release|Any CPU.ActiveCfg = Release|Any CPU
		{9DEFA416-A68D-4225-BACD-9C52A954BEAB}.Release|Any CPU.Build.0 = Release|Any CPU
		{6284BF77-A286-4CFC-AE97-A6418AB17ED5}.Debug|Any CPU.ActiveCfg = Debug|Any CPU
		{6284BF77-A286-4CFC-AE97-A6418AB17ED5}.Debug|Any CPU.Build.0 = Debug|Any CPU
		{6284BF77-A286-4CFC-AE97-A6418AB17ED5}.Release|Any CPU.ActiveCfg = Release|Any CPU
		{6284BF77-A286-4CFC-AE97-A6418AB17ED5}.Release|Any CPU.Build.0 = Release|Any CPU
	EndGlobalSection
	GlobalSection(SolutionProperties) = preSolution
		HideSolutionNode = FALSE
	EndGlobalSection
	GlobalSection(ExtensibilityGlobals) = postSolution
		SolutionGuid = {94E5DEE4-6ACB-4C66-935A-D3AA2354419B}
	EndGlobalSection
EndGlobal
